
Microsoft Visual Studio Solution File, Format Version 12.00
# Visual Studio 2013
VisualStudioVersion = 12.0.31101.0
MinimumVisualStudioVersion = 10.0.40219.1
Project("{FAE04EC0-301F-11D3-BF4B-00C04F79EFBC}") = "theblogcore", "theblogcore\theblogcore.csproj", "{E9124D7A-3000-4725-857D-12F855AAA820}"
EndProject
Project("{FAE04EC0-301F-11D3-BF4B-00C04F79EFBC}") = "theblogcore.Tests", "theblogcore.Tests\theblogcore.Tests.csproj", "{5809BE5F-B67A-4485-8375-C2BAC84F3371}"
EndProject
Global
	GlobalSection(SolutionConfigurationPlatforms) = preSolution
		Debug|Any CPU = Debug|Any CPU
		Release|Any CPU = Release|Any CPU
	EndGlobalSection
	GlobalSection(ProjectConfigurationPlatforms) = postSolution
		{E9124D7A-3000-4725-857D-12F855AAA820}.Debug|Any CPU.ActiveCfg = Debug|Any CPU
		{E9124D7A-3000-4725-857D-12F855AAA820}.Debug|Any CPU.Build.0 = Debug|Any CPU
		{E9124D7A-3000-4725-857D-12F855AAA820}.Release|Any CPU.ActiveCfg = Release|Any CPU
		{E9124D7A-3000-4725-857D-12F855AAA820}.Release|Any CPU.Build.0 = Release|Any CPU
		{5809BE5F-B67A-4485-8375-C2BAC84F3371}.Debug|Any CPU.ActiveCfg = Debug|Any CPU
		{5809BE5F-B67A-4485-8375-C2BAC84F3371}.Debug|Any CPU.Build.0 = Debug|Any CPU
		{5809BE5F-B67A-4485-8375-C2BAC84F3371}.Release|Any CPU.ActiveCfg = Release|Any CPU
		{5809BE5F-B67A-4485-8375-C2BAC84F3371}.Release|Any CPU.Build.0 = Release|Any CPU
	EndGlobalSection
	GlobalSection(SolutionProperties) = preSolution
		HideSolutionNode = FALSE
	EndGlobalSection
EndGlobal
